
Microsoft Visual Studio Solution File, Format Version 12.00
# Visual Studio Version 17
VisualStudioVersion = 17.5.002.0
MinimumVisualStudioVersion = 10.0.40219.1
Project("{9A19103F-16F7-4668-BE54-9A1E7A4F7556}") = "xUnit1012", "xUnit1012.csproj", "{37D806D9-F2F4-43B0-9D61-D3805490CEE7}"
EndProject
Global
	GlobalSection(SolutionConfigurationPlatforms) = preSolution
		Debug|Any CPU = Debug|Any CPU
		Release|Any CPU = Release|Any CPU
	EndGlobalSection
	GlobalSection(ProjectConfigurationPlatforms) = postSolution
		{37D806D9-F2F4-43B0-9D61-D3805490CEE7}.Debug|Any CPU.ActiveCfg = Debug|Any CPU
		{37D806D9-F2F4-43B0-9D61-D3805490CEE7}.Debug|Any CPU.Build.0 = Debug|Any CPU
		{37D806D9-F2F4-43B0-9D61-D3805490CEE7}.Release|Any CPU.ActiveCfg = Release|Any CPU
		{37D806D9-F2F4-43B0-9D61-D3805490CEE7}.Release|Any CPU.Build.0 = Release|Any CPU
	EndGlobalSection
	GlobalSection(SolutionProperties) = preSolution
		HideSolutionNode = FALSE
	EndGlobalSection
	GlobalSection(ExtensibilityGlobals) = postSolution
		SolutionGuid = {F0A78F8F-B5CA-4B81-8BDF-09653BE51932}
	EndGlobalSection
EndGlobal
